
Microsoft Visual Studio Solution File, Format Version 12.00
# Visual Studio Version 17
VisualStudioVersion = 17.14.36310.24
MinimumVisualStudioVersion = 10.0.40219.1
Project("{FAE04EC0-301F-11D3-BF4B-00C04F79EFBC}") = "Api", "ImdbApi\Api.csproj", "{D659A599-F5E6-4865-9301-370A8D7EEF73}"
EndProject
Project("{FAE04EC0-301F-11D3-BF4B-00C04F79EFBC}") = "ImdbApiTests", "ImdbApiTests\ImdbApiTests.csproj", "{F61CE206-B23D-40EE-8E8C-F63CDE55BEFD}"
EndProject
Project("{FAE04EC0-301F-11D3-BF4B-00C04F79EFBC}") = "Application", "Application\Application.csproj", "{CD4D4601-16DE-41F1-A214-625012E03A3F}"
EndProject
Project("{FAE04EC0-301F-11D3-BF4B-00C04F79EFBC}") = "Domain", "Domain\Domain.csproj", "{A40F8B20-07E0-4479-A1C3-069BE60FC706}"
EndProject
Project("{FAE04EC0-301F-11D3-BF4B-00C04F79EFBC}") = "Infrastructure", "Infrastructure\Infrastructure.csproj", "{99A84A89-3A6A-48B5-917D-7C0F90FC19E6}"
EndProject
Global
	GlobalSection(SolutionConfigurationPlatforms) = preSolution
		Debug|Any CPU = Debug|Any CPU
		Debug|x64 = Debug|x64
		Debug|x86 = Debug|x86
		Release|Any CPU = Release|Any CPU
		Release|x64 = Release|x64
		Release|x86 = Release|x86
	EndGlobalSection
	GlobalSection(ProjectConfigurationPlatforms) = postSolution
		{D659A599-F5E6-4865-9301-370A8D7EEF73}.Debug|Any CPU.ActiveCfg = Debug|Any CPU
		{D659A599-F5E6-4865-9301-370A8D7EEF73}.Debug|Any CPU.Build.0 = Debug|Any CPU
		{D659A599-F5E6-4865-9301-370A8D7EEF73}.Debug|x64.ActiveCfg = Debug|Any CPU
		{D659A599-F5E6-4865-9301-370A8D7EEF73}.Debug|x64.Build.0 = Debug|Any CPU
		{D659A599-F5E6-4865-9301-370A8D7EEF73}.Debug|x86.ActiveCfg = Debug|Any CPU
		{D659A599-F5E6-4865-9301-370A8D7EEF73}.Debug|x86.Build.0 = Debug|Any CPU
		{D659A599-F5E6-4865-9301-370A8D7EEF73}.Release|Any CPU.ActiveCfg = Release|Any CPU
		{D659A599-F5E6-4865-9301-370A8D7EEF73}.Release|Any CPU.Build.0 = Release|Any CPU
		{D659A599-F5E6-4865-9301-370A8D7EEF73}.Release|x64.ActiveCfg = Release|Any CPU
		{D659A599-F5E6-4865-9301-370A8D7EEF73}.Release|x64.Build.0 = Release|Any CPU
		{D659A599-F5E6-4865-9301-370A8D7EEF73}.Release|x86.ActiveCfg = Release|Any CPU
		{D659A599-F5E6-4865-9301-370A8D7EEF73}.Release|x86.Build.0 = Release|Any CPU
		{F61CE206-B23D-40EE-8E8C-F63CDE55BEFD}.Debug|Any CPU.ActiveCfg = Debug|Any CPU
		{F61CE206-B23D-40EE-8E8C-F63CDE55BEFD}.Debug|Any CPU.Build.0 = Debug|Any CPU
		{F61CE206-B23D-40EE-8E8C-F63CDE55BEFD}.Debug|x64.ActiveCfg = Debug|Any CPU
		{F61CE206-B23D-40EE-8E8C-F63CDE55BEFD}.Debug|x64.Build.0 = Debug|Any CPU
		{F61CE206-B23D-40EE-8E8C-F63CDE55BEFD}.Debug|x86.ActiveCfg = Debug|Any CPU
		{F61CE206-B23D-40EE-8E8C-F63CDE55BEFD}.Debug|x86.Build.0 = Debug|Any CPU
		{F61CE206-B23D-40EE-8E8C-F63CDE55BEFD}.Release|Any CPU.ActiveCfg = Release|Any CPU
		{F61CE206-B23D-40EE-8E8C-F63CDE55BEFD}.Release|Any CPU.Build.0 = Release|Any CPU
		{F61CE206-B23D-40EE-8E8C-F63CDE55BEFD}.Release|x64.ActiveCfg = Release|Any CPU
		{F61CE206-B23D-40EE-8E8C-F63CDE55BEFD}.Release|x64.Build.0 = Release|Any CPU
		{F61CE206-B23D-40EE-8E8C-F63CDE55BEFD}.Release|x86.ActiveCfg = Release|Any CPU
		{F61CE206-B23D-40EE-8E8C-F63CDE55BEFD}.Release|x86.Build.0 = Release|Any CPU
		{CD4D4601-16DE-41F1-A214-625012E03A3F}.Debug|Any CPU.ActiveCfg = Debug|Any CPU
		{CD4D4601-16DE-41F1-A214-625012E03A3F}.Debug|Any CPU.Build.0 = Debug|Any CPU
		{CD4D4601-16DE-41F1-A214-625012E03A3F}.Debug|x64.ActiveCfg = Debug|Any CPU
		{CD4D4601-16DE-41F1-A214-625012E03A3F}.Debug|x64.Build.0 = Debug|Any CPU
		{CD4D4601-16DE-41F1-A214-625012E03A3F}.Debug|x86.ActiveCfg = Debug|Any CPU
		{CD4D4601-16DE-41F1-A214-625012E03A3F}.Debug|x86.Build.0 = Debug|Any CPU
		{CD4D4601-16DE-41F1-A214-625012E03A3F}.Release|Any CPU.ActiveCfg = Release|Any CPU
		{CD4D4601-16DE-41F1-A214-625012E03A3F}.Release|Any CPU.Build.0 = Release|Any CPU
		{CD4D4601-16DE-41F1-A214-625012E03A3F}.Release|x64.ActiveCfg = Release|Any CPU
		{CD4D4601-16DE-41F1-A214-625012E03A3F}.Release|x64.Build.0 = Release|Any CPU
		{CD4D4601-16DE-41F1-A214-625012E03A3F}.Release|x86.ActiveCfg = Release|Any CPU
		{CD4D4601-16DE-41F1-A214-625012E03A3F}.Release|x86.Build.0 = Release|Any CPU
		{A40F8B20-07E0-4479-A1C3-069BE60FC706}.Debug|Any CPU.ActiveCfg = Debug|Any CPU
		{A40F8B20-07E0-4479-A1C3-069BE60FC706}.Debug|Any CPU.Build.0 = Debug|Any CPU
		{A40F8B20-07E0-4479-A1C3-069BE60FC706}.Debug|x64.ActiveCfg = Debug|Any CPU
		{A40F8B20-07E0-4479-A1C3-069BE60FC706}.Debug|x64.Build.0 = Debug|Any CPU
		{A40F8B20-07E0-4479-A1C3-069BE60FC706}.Debug|x86.ActiveCfg = Debug|Any CPU
		{A40F8B20-07E0-4479-A1C3-069BE60FC706}.Debug|x86.Build.0 = Debug|Any CPU
		{A40F8B20-07E0-4479-A1C3-069BE60FC706}.Release|Any CPU.ActiveCfg = Release|Any CPU
		{A40F8B20-07E0-4479-A1C3-069BE60FC706}.Release|Any CPU.Build.0 = Release|Any CPU
		{A40F8B20-07E0-4479-A1C3-069BE60FC706}.Release|x64.ActiveCfg = Release|Any CPU
		{A40F8B20-07E0-4479-A1C3-069BE60FC706}.Release|x64.Build.0 = Release|Any CPU
		{A40F8B20-07E0-4479-A1C3-069BE60FC706}.Release|x86.ActiveCfg = Release|Any CPU
		{A40F8B20-07E0-4479-A1C3-069BE60FC706}.Release|x86.Build.0 = Release|Any CPU
		{99A84A89-3A6A-48B5-917D-7C0F90FC19E6}.Debug|Any CPU.ActiveCfg = Debug|Any CPU
		{99A84A89-3A6A-48B5-917D-7C0F90FC19E6}.Debug|Any CPU.Build.0 = Debug|Any CPU
		{99A84A89-3A6A-48B5-917D-7C0F90FC19E6}.Debug|x64.ActiveCfg = Debug|Any CPU
		{99A84A89-3A6A-48B5-917D-7C0F90FC19E6}.Debug|x64.Build.0 = Debug|Any CPU
		{99A84A89-3A6A-48B5-917D-7C0F90FC19E6}.Debug|x86.ActiveCfg = Debug|Any CPU
		{99A84A89-3A6A-48B5-917D-7C0F90FC19E6}.Debug|x86.Build.0 = Debug|Any CPU
		{99A84A89-3A6A-48B5-917D-7C0F90FC19E6}.Release|Any CPU.ActiveCfg = Release|Any CPU
		{99A84A89-3A6A-48B5-917D-7C0F90FC19E6}.Release|Any CPU.Build.0 = Release|Any CPU
		{99A84A89-3A6A-48B5-917D-7C0F90FC19E6}.Release|x64.ActiveCfg = Release|Any CPU
		{99A84A89-3A6A-48B5-917D-7C0F90FC19E6}.Release|x64.Build.0 = Release|Any CPU
		{99A84A89-3A6A-48B5-917D-7C0F90FC19E6}.Release|x86.ActiveCfg = Release|Any CPU
		{99A84A89-3A6A-48B5-917D-7C0F90FC19E6}.Release|x86.Build.0 = Release|Any CPU
	EndGlobalSection
	GlobalSection(SolutionProperties) = preSolution
		HideSolutionNode = FALSE
	EndGlobalSection
	GlobalSection(ExtensibilityGlobals) = postSolution
		SolutionGuid = {021D1CF4-AD1D-4D8B-9915-0C19A112A957}
	EndGlobalSection
EndGlobal
